
Microsoft Visual Studio Solution File, Format Version 12.00
# Visual Studio Version 17
VisualStudioVersion = 17.14.37203.1
MinimumVisualStudioVersion = 10.0.40219.1
Project("{FAE04EC0-301F-11D3-BF4B-00C04F79EFBC}") = "SchoolManagementSystem.Api", "SchoolManagementSystem\SchoolManagementSystem.Api.csproj", "{D1B7E8A4-3BB1-46CC-91B8-57C5EDB8754B}"
EndProject
Project("{FAE04EC0-301F-11D3-BF4B-00C04F79EFBC}") = "SchoolManagementSystem.Domain", "SchoolManagementSystem.Domain\SchoolManagementSystem.Domain.csproj", "{52465F98-2191-4F20-905E-AD296C8A41A2}"
EndProject
Project("{FAE04EC0-301F-11D3-BF4B-00C04F79EFBC}") = "SchoolManagementSystem.Infrastructure", "SchoolManagementSystem.Infrastructure\SchoolManagementSystem.Infrastructure.csproj", "{FCF65DAE-D96E-429D-913C-832858631D2E}"
EndProject
Project("{FAE04EC0-301F-11D3-BF4B-00C04F79EFBC}") = "SchoolManagementSystem.Application", "SchoolManagementSystem.Application\SchoolManagementSystem.Application.csproj", "{F7163B2F-9C57-4808-99A9-521275A8A5A0}"
EndProject
Global
	GlobalSection(SolutionConfigurationPlatforms) = preSolution
		Debug|Any CPU = Debug|Any CPU
		Release|Any CPU = Release|Any CPU
	EndGlobalSection
	GlobalSection(ProjectConfigurationPlatforms) = postSolution
		{D1B7E8A4-3BB1-46CC-91B8-57C5EDB8754B}.Debug|Any CPU.ActiveCfg = Debug|Any CPU
		{D1B7E8A4-3BB1-46CC-91B8-57C5EDB8754B}.Debug|Any CPU.Build.0 = Debug|Any CPU
		{D1B7E8A4-3BB1-46CC-91B8-57C5EDB8754B}.Release|Any CPU.ActiveCfg = Release|Any CPU
		{D1B7E8A4-3BB1-46CC-91B8-57C5EDB8754B}.Release|Any CPU.Build.0 = Release|Any CPU
		{52465F98-2191-4F20-905E-AD296C8A41A2}.Debug|Any CPU.ActiveCfg = Debug|Any CPU
		{52465F98-2191-4F20-905E-AD296C8A41A2}.Debug|Any CPU.Build.0 = Debug|Any CPU
		{52465F98-2191-4F20-905E-AD296C8A41A2}.Release|Any CPU.ActiveCfg = Release|Any CPU
		{52465F98-2191-4F20-905E-AD296C8A41A2}.Release|Any CPU.Build.0 = Release|Any CPU
		{FCF65DAE-D96E-429D-913C-832858631D2E}.Debug|Any CPU.ActiveCfg = Debug|Any CPU
		{FCF65DAE-D96E-429D-913C-832858631D2E}.Debug|Any CPU.Build.0 = Debug|Any CPU
		{FCF65DAE-D96E-429D-913C-832858631D2E}.Release|Any CPU.ActiveCfg = Release|Any CPU
		{FCF65DAE-D96E-429D-913C-832858631D2E}.Release|Any CPU.Build.0 = Release|Any CPU
		{F7163B2F-9C57-4808-99A9-521275A8A5A0}.Debug|Any CPU.ActiveCfg = Debug|Any CPU
		{F7163B2F-9C57-4808-99A9-521275A8A5A0}.Debug|Any CPU.Build.0 = Debug|Any CPU
		{F7163B2F-9C57-4808-99A9-521275A8A5A0}.Release|Any CPU.ActiveCfg = Release|Any CPU
		{F7163B2F-9C57-4808-99A9-521275A8A5A0}.Release|Any CPU.Build.0 = Release|Any CPU
	EndGlobalSection
	GlobalSection(SolutionProperties) = preSolution
		HideSolutionNode = FALSE
	EndGlobalSection
	GlobalSection(ExtensibilityGlobals) = postSolution
		SolutionGuid = {F3205078-28EF-49E5-9D04-C24120E0FE06}
	EndGlobalSection
EndGlobal
